
Microsoft Visual Studio Solution File, Format Version 12.00
# Visual Studio 15
VisualStudioVersion = 15.0.28307.489
MinimumVisualStudioVersion = 10.0.40219.1
Project("{FAE04EC0-301F-11D3-BF4B-00C04F79EFBC}") = "FileDatabase", "FileDatabase\FileDatabase.csproj", "{2655A75E-3948-4B6E-89A1-B10C56C47CAC}"
EndProject
Project("{FAE04EC0-301F-11D3-BF4B-00C04F79EFBC}") = "UserControlDatabase", "UserControlDatabase\UserControlDatabase.csproj", "{EBEA153F-430C-405C-BC66-9BC001979CFB}"
EndProject
Global
	GlobalSection(SolutionConfigurationPlatforms) = preSolution
		Debug|Any CPU = Debug|Any CPU
		Release|Any CPU = Release|Any CPU
	EndGlobalSection
	GlobalSection(ProjectConfigurationPlatforms) = postSolution
		{2655A75E-3948-4B6E-89A1-B10C56C47CAC}.Debug|Any CPU.ActiveCfg = Debug|Any CPU
		{2655A75E-3948-4B6E-89A1-B10C56C47CAC}.Debug|Any CPU.Build.0 = Debug|Any CPU
		{2655A75E-3948-4B6E-89A1-B10C56C47CAC}.Release|Any CPU.ActiveCfg = Release|Any CPU
		{2655A75E-3948-4B6E-89A1-B10C56C47CAC}.Release|Any CPU.Build.0 = Release|Any CPU
		{EBEA153F-430C-405C-BC66-9BC001979CFB}.Debug|Any CPU.ActiveCfg = Debug|Any CPU
		{EBEA153F-430C-405C-BC66-9BC001979CFB}.Debug|Any CPU.Build.0 = Debug|Any CPU
		{EBEA153F-430C-405C-BC66-9BC001979CFB}.Release|Any CPU.ActiveCfg = Release|Any CPU
		{EBEA153F-430C-405C-BC66-9BC001979CFB}.Release|Any CPU.Build.0 = Release|Any CPU
	EndGlobalSection
	GlobalSection(SolutionProperties) = preSolution
		HideSolutionNode = FALSE
	EndGlobalSection
	GlobalSection(ExtensibilityGlobals) = postSolution
		SolutionGuid = {54E8C2C6-CE1D-4699-8CCE-AF89663DC9AE}
	EndGlobalSection
EndGlobal
